
Microsoft Visual Studio Solution File, Format Version 12.00
# Visual Studio 15
VisualStudioVersion = 15.0.27703.2042
MinimumVisualStudioVersion = 10.0.40219.1
Project("{FAE04EC0-301F-11D3-BF4B-00C04F79EFBC}") = "Telemetri", "Telemetri\Telemetri.csproj", "{04AA2AB4-36F0-47BF-9A14-691D20B82973}"
EndProject
Global
	GlobalSection(SolutionConfigurationPlatforms) = preSolution
		Debug|Any CPU = Debug|Any CPU
		Release|Any CPU = Release|Any CPU
	EndGlobalSection
	GlobalSection(ProjectConfigurationPlatforms) = postSolution
		{04AA2AB4-36F0-47BF-9A14-691D20B82973}.Debug|Any CPU.ActiveCfg = Debug|Any CPU
		{04AA2AB4-36F0-47BF-9A14-691D20B82973}.Debug|Any CPU.Build.0 = Debug|Any CPU
		{04AA2AB4-36F0-47BF-9A14-691D20B82973}.Release|Any CPU.ActiveCfg = Release|Any CPU
		{04AA2AB4-36F0-47BF-9A14-691D20B82973}.Release|Any CPU.Build.0 = Release|Any CPU
	EndGlobalSection
	GlobalSection(SolutionProperties) = preSolution
		HideSolutionNode = FALSE
	EndGlobalSection
	GlobalSection(ExtensibilityGlobals) = postSolution
		SolutionGuid = {1D041F00-74CC-427B-8F14-1A7FF9640E96}
	EndGlobalSection
EndGlobal
